
Microsoft Visual Studio Solution File, Format Version 12.00
# Visual Studio Version 16
VisualStudioVersion = 16.0.30523.141
MinimumVisualStudioVersion = 10.0.40219.1
Project("{FAE04EC0-301F-11D3-BF4B-00C04F79EFBC}") = "Kotai_Melinda_Lab6", "Kotai_Melinda_Lab6.csproj", "{917E30E2-972F-4014-94BC-829CAD31900B}"
EndProject
Project("{FAE04EC0-301F-11D3-BF4B-00C04F79EFBC}") = "AutoLotModel", "..\AutoLotModel\AutoLotModel.csproj", "{1BB56306-74C0-42C9-87B8-AF90591085A2}"
EndProject
Global
	GlobalSection(SolutionConfigurationPlatforms) = preSolution
		Debug|Any CPU = Debug|Any CPU
		Release|Any CPU = Release|Any CPU
	EndGlobalSection
	GlobalSection(ProjectConfigurationPlatforms) = postSolution
		{917E30E2-972F-4014-94BC-829CAD31900B}.Debug|Any CPU.ActiveCfg = Debug|Any CPU
		{917E30E2-972F-4014-94BC-829CAD31900B}.Debug|Any CPU.Build.0 = Debug|Any CPU
		{917E30E2-972F-4014-94BC-829CAD31900B}.Release|Any CPU.ActiveCfg = Release|Any CPU
		{917E30E2-972F-4014-94BC-829CAD31900B}.Release|Any CPU.Build.0 = Release|Any CPU
		{1BB56306-74C0-42C9-87B8-AF90591085A2}.Debug|Any CPU.ActiveCfg = Debug|Any CPU
		{1BB56306-74C0-42C9-87B8-AF90591085A2}.Debug|Any CPU.Build.0 = Debug|Any CPU
		{1BB56306-74C0-42C9-87B8-AF90591085A2}.Release|Any CPU.ActiveCfg = Release|Any CPU
		{1BB56306-74C0-42C9-87B8-AF90591085A2}.Release|Any CPU.Build.0 = Release|Any CPU
	EndGlobalSection
	GlobalSection(SolutionProperties) = preSolution
		HideSolutionNode = FALSE
	EndGlobalSection
	GlobalSection(ExtensibilityGlobals) = postSolution
		SolutionGuid = {7764B41E-8FFE-4947-8D1B-DDD860FC1AFE}
	EndGlobalSection
EndGlobal
